
Microsoft Visual Studio Solution File, Format Version 12.00
# Visual Studio Version 16
VisualStudioVersion = 16.0.32228.343
MinimumVisualStudioVersion = 10.0.40219.1
Project("{9A19103F-16F7-4668-BE54-9A1E7A4F7556}") = "Brain-system.Pedidos.API", "Brain-system.Pedidos.API\Brain-system.Pedidos.API.csproj", "{9FEFA0BB-707A-475D-BAA5-8D81C13DACA5}"
EndProject
Project("{9A19103F-16F7-4668-BE54-9A1E7A4F7556}") = "Brain-system.Pedidos.DataLayer", "Brain-system.Pedidos.DataLayer\Brain-system.Pedidos.DataLayer.csproj", "{86ABC669-ABA7-4E9D-AA58-8F248A8CA89F}"
EndProject
Project("{9A19103F-16F7-4668-BE54-9A1E7A4F7556}") = "Brain-system.Pedidos.Models", "Brain-system.Pedidos.Models\Brain-system.Pedidos.Models.csproj", "{050B4477-B889-42E4-91A2-53CFFB9FCF5D}"
EndProject
Project("{2150E333-8FDC-42A3-9474-1A3956D46DE8}") = "Solution Items", "Solution Items", "{AC91D030-C984-49FD-8528-D6D309B959CD}"
	ProjectSection(SolutionItems) = preProject
		.editorconfig = .editorconfig
	EndProjectSection
EndProject
Global
	GlobalSection(SolutionConfigurationPlatforms) = preSolution
		Debug|Any CPU = Debug|Any CPU
		Release|Any CPU = Release|Any CPU
	EndGlobalSection
	GlobalSection(ProjectConfigurationPlatforms) = postSolution
		{9FEFA0BB-707A-475D-BAA5-8D81C13DACA5}.Debug|Any CPU.ActiveCfg = Debug|Any CPU
		{9FEFA0BB-707A-475D-BAA5-8D81C13DACA5}.Debug|Any CPU.Build.0 = Debug|Any CPU
		{9FEFA0BB-707A-475D-BAA5-8D81C13DACA5}.Release|Any CPU.ActiveCfg = Release|Any CPU
		{9FEFA0BB-707A-475D-BAA5-8D81C13DACA5}.Release|Any CPU.Build.0 = Release|Any CPU
		{86ABC669-ABA7-4E9D-AA58-8F248A8CA89F}.Debug|Any CPU.ActiveCfg = Debug|Any CPU
		{86ABC669-ABA7-4E9D-AA58-8F248A8CA89F}.Debug|Any CPU.Build.0 = Debug|Any CPU
		{86ABC669-ABA7-4E9D-AA58-8F248A8CA89F}.Release|Any CPU.ActiveCfg = Release|Any CPU
		{86ABC669-ABA7-4E9D-AA58-8F248A8CA89F}.Release|Any CPU.Build.0 = Release|Any CPU
		{050B4477-B889-42E4-91A2-53CFFB9FCF5D}.Debug|Any CPU.ActiveCfg = Debug|Any CPU
		{050B4477-B889-42E4-91A2-53CFFB9FCF5D}.Debug|Any CPU.Build.0 = Debug|Any CPU
		{050B4477-B889-42E4-91A2-53CFFB9FCF5D}.Release|Any CPU.ActiveCfg = Release|Any CPU
		{050B4477-B889-42E4-91A2-53CFFB9FCF5D}.Release|Any CPU.Build.0 = Release|Any CPU
	EndGlobalSection
	GlobalSection(SolutionProperties) = preSolution
		HideSolutionNode = FALSE
	EndGlobalSection
	GlobalSection(ExtensibilityGlobals) = postSolution
		SolutionGuid = {12861924-0C57-452A-989D-880D462DAF9B}
	EndGlobalSection
EndGlobal
